
Microsoft Visual Studio Solution File, Format Version 12.00
# Visual Studio Version 17
VisualStudioVersion = 17.12.35707.178 d17.12
MinimumVisualStudioVersion = 10.0.40219.1
Project("{FAE04EC0-301F-11D3-BF4B-00C04F79EFBC}") = "Producer", "Producer\Producer.csproj", "{259DABD6-2F37-478C-BD17-9B95651A064E}"
EndProject
Project("{FAE04EC0-301F-11D3-BF4B-00C04F79EFBC}") = "Consumer", "Consumer\Consumer.csproj", "{F2A80D90-B8FA-40C3-9D5C-47B3707797F4}"
EndProject
Global
	GlobalSection(SolutionConfigurationPlatforms) = preSolution
		Debug|Any CPU = Debug|Any CPU
		Release|Any CPU = Release|Any CPU
	EndGlobalSection
	GlobalSection(ProjectConfigurationPlatforms) = postSolution
		{259DABD6-2F37-478C-BD17-9B95651A064E}.Debug|Any CPU.ActiveCfg = Debug|Any CPU
		{259DABD6-2F37-478C-BD17-9B95651A064E}.Debug|Any CPU.Build.0 = Debug|Any CPU
		{259DABD6-2F37-478C-BD17-9B95651A064E}.Release|Any CPU.ActiveCfg = Release|Any CPU
		{259DABD6-2F37-478C-BD17-9B95651A064E}.Release|Any CPU.Build.0 = Release|Any CPU
		{F2A80D90-B8FA-40C3-9D5C-47B3707797F4}.Debug|Any CPU.ActiveCfg = Debug|Any CPU
		{F2A80D90-B8FA-40C3-9D5C-47B3707797F4}.Debug|Any CPU.Build.0 = Debug|Any CPU
		{F2A80D90-B8FA-40C3-9D5C-47B3707797F4}.Release|Any CPU.ActiveCfg = Release|Any CPU
		{F2A80D90-B8FA-40C3-9D5C-47B3707797F4}.Release|Any CPU.Build.0 = Release|Any CPU
	EndGlobalSection
	GlobalSection(SolutionProperties) = preSolution
		HideSolutionNode = FALSE
	EndGlobalSection
EndGlobal
